
Microsoft Visual Studio Solution File, Format Version 12.00
# Visual Studio Version 16
VisualStudioVersion = 16.0.32126.315
MinimumVisualStudioVersion = 10.0.40219.1
Project("{FAE04EC0-301F-11D3-BF4B-00C04F79EFBC}") = "BookLibraryTask", "BookLibraryTask\BookLibraryTask.csproj", "{5218F364-0F9E-4E38-83AC-9B05CE45B3BF}"
EndProject
Project("{FAE04EC0-301F-11D3-BF4B-00C04F79EFBC}") = "Models", "Models\Models.csproj", "{30964B43-8799-4235-BA80-5F1266C9BE01}"
EndProject
Project("{FAE04EC0-301F-11D3-BF4B-00C04F79EFBC}") = "Utilities", "Utilities\Utilities.csproj", "{14FA0D3C-2EF8-4D32-924F-1CD178ACB8A1}"
EndProject
Global
	GlobalSection(SolutionConfigurationPlatforms) = preSolution
		Debug|Any CPU = Debug|Any CPU
		Release|Any CPU = Release|Any CPU
	EndGlobalSection
	GlobalSection(ProjectConfigurationPlatforms) = postSolution
		{5218F364-0F9E-4E38-83AC-9B05CE45B3BF}.Debug|Any CPU.ActiveCfg = Debug|Any CPU
		{5218F364-0F9E-4E38-83AC-9B05CE45B3BF}.Debug|Any CPU.Build.0 = Debug|Any CPU
		{5218F364-0F9E-4E38-83AC-9B05CE45B3BF}.Release|Any CPU.ActiveCfg = Release|Any CPU
		{5218F364-0F9E-4E38-83AC-9B05CE45B3BF}.Release|Any CPU.Build.0 = Release|Any CPU
		{30964B43-8799-4235-BA80-5F1266C9BE01}.Debug|Any CPU.ActiveCfg = Debug|Any CPU
		{30964B43-8799-4235-BA80-5F1266C9BE01}.Debug|Any CPU.Build.0 = Debug|Any CPU
		{30964B43-8799-4235-BA80-5F1266C9BE01}.Release|Any CPU.ActiveCfg = Release|Any CPU
		{30964B43-8799-4235-BA80-5F1266C9BE01}.Release|Any CPU.Build.0 = Release|Any CPU
		{14FA0D3C-2EF8-4D32-924F-1CD178ACB8A1}.Debug|Any CPU.ActiveCfg = Debug|Any CPU
		{14FA0D3C-2EF8-4D32-924F-1CD178ACB8A1}.Debug|Any CPU.Build.0 = Debug|Any CPU
		{14FA0D3C-2EF8-4D32-924F-1CD178ACB8A1}.Release|Any CPU.ActiveCfg = Release|Any CPU
		{14FA0D3C-2EF8-4D32-924F-1CD178ACB8A1}.Release|Any CPU.Build.0 = Release|Any CPU
	EndGlobalSection
	GlobalSection(SolutionProperties) = preSolution
		HideSolutionNode = FALSE
	EndGlobalSection
	GlobalSection(ExtensibilityGlobals) = postSolution
		SolutionGuid = {97BD3318-4254-4B94-B4BC-77AC4AADB7F7}
	EndGlobalSection
EndGlobal
