
Microsoft Visual Studio Solution File, Format Version 12.00
# Visual Studio Version 16
VisualStudioVersion = 16.0.32126.315
MinimumVisualStudioVersion = 10.0.40219.1
Project("{FAE04EC0-301F-11D3-BF4B-00C04F79EFBC}") = "IndexerTask", "IndexerTask\IndexerTask.csproj", "{2D2AA5A4-E62B-4CB7-84DB-CEAF4DA9A7C1}"
EndProject
Project("{FAE04EC0-301F-11D3-BF4B-00C04F79EFBC}") = "Models", "Models\Models.csproj", "{D9779E68-B6D8-47D7-B6A9-69ED3AC2CC4A}"
EndProject
Global
	GlobalSection(SolutionConfigurationPlatforms) = preSolution
		Debug|Any CPU = Debug|Any CPU
		Release|Any CPU = Release|Any CPU
	EndGlobalSection
	GlobalSection(ProjectConfigurationPlatforms) = postSolution
		{2D2AA5A4-E62B-4CB7-84DB-CEAF4DA9A7C1}.Debug|Any CPU.ActiveCfg = Debug|Any CPU
		{2D2AA5A4-E62B-4CB7-84DB-CEAF4DA9A7C1}.Debug|Any CPU.Build.0 = Debug|Any CPU
		{2D2AA5A4-E62B-4CB7-84DB-CEAF4DA9A7C1}.Release|Any CPU.ActiveCfg = Release|Any CPU
		{2D2AA5A4-E62B-4CB7-84DB-CEAF4DA9A7C1}.Release|Any CPU.Build.0 = Release|Any CPU
		{D9779E68-B6D8-47D7-B6A9-69ED3AC2CC4A}.Debug|Any CPU.ActiveCfg = Debug|Any CPU
		{D9779E68-B6D8-47D7-B6A9-69ED3AC2CC4A}.Debug|Any CPU.Build.0 = Debug|Any CPU
		{D9779E68-B6D8-47D7-B6A9-69ED3AC2CC4A}.Release|Any CPU.ActiveCfg = Release|Any CPU
		{D9779E68-B6D8-47D7-B6A9-69ED3AC2CC4A}.Release|Any CPU.Build.0 = Release|Any CPU
	EndGlobalSection
	GlobalSection(SolutionProperties) = preSolution
		HideSolutionNode = FALSE
	EndGlobalSection
	GlobalSection(ExtensibilityGlobals) = postSolution
		SolutionGuid = {E9B85333-4178-461E-9E65-DAAA729DDC40}
	EndGlobalSection
EndGlobal
